
Microsoft Visual Studio Solution File, Format Version 12.00
# Visual Studio 15
VisualStudioVersion = 15.0.28307.329
MinimumVisualStudioVersion = 10.0.40219.1
Project("{FAE04EC0-301F-11D3-BF4B-00C04F79EFBC}") = "Strawter_Alexandria_Methods", "Strawter_Alexandria_Methods\Strawter_Alexandria_Methods.csproj", "{257C4656-32AB-4B98-B753-0DCC22B30B12}"
EndProject
Global
	GlobalSection(SolutionConfigurationPlatforms) = preSolution
		Debug|Any CPU = Debug|Any CPU
		Release|Any CPU = Release|Any CPU
	EndGlobalSection
	GlobalSection(ProjectConfigurationPlatforms) = postSolution
		{257C4656-32AB-4B98-B753-0DCC22B30B12}.Debug|Any CPU.ActiveCfg = Debug|Any CPU
		{257C4656-32AB-4B98-B753-0DCC22B30B12}.Debug|Any CPU.Build.0 = Debug|Any CPU
		{257C4656-32AB-4B98-B753-0DCC22B30B12}.Release|Any CPU.ActiveCfg = Release|Any CPU
		{257C4656-32AB-4B98-B753-0DCC22B30B12}.Release|Any CPU.Build.0 = Release|Any CPU
	EndGlobalSection
	GlobalSection(SolutionProperties) = preSolution
		HideSolutionNode = FALSE
	EndGlobalSection
	GlobalSection(ExtensibilityGlobals) = postSolution
		SolutionGuid = {93024A2B-F3AE-4C94-8EAF-0A4E1420BFBF}
	EndGlobalSection
EndGlobal
