
Microsoft Visual Studio Solution File, Format Version 12.00
# Visual Studio 15
VisualStudioVersion = 15.0.28307.329
MinimumVisualStudioVersion = 10.0.40219.1
Project("{FAE04EC0-301F-11D3-BF4B-00C04F79EFBC}") = "Strawter_Alexandria_CustomClass", "Strawter_Alexandria_CustomClass\Strawter_Alexandria_CustomClass.csproj", "{7EC7D029-4FD3-421E-B1F1-475E7219BDFA}"
EndProject
Global
	GlobalSection(SolutionConfigurationPlatforms) = preSolution
		Debug|Any CPU = Debug|Any CPU
		Release|Any CPU = Release|Any CPU
	EndGlobalSection
	GlobalSection(ProjectConfigurationPlatforms) = postSolution
		{7EC7D029-4FD3-421E-B1F1-475E7219BDFA}.Debug|Any CPU.ActiveCfg = Debug|Any CPU
		{7EC7D029-4FD3-421E-B1F1-475E7219BDFA}.Debug|Any CPU.Build.0 = Debug|Any CPU
		{7EC7D029-4FD3-421E-B1F1-475E7219BDFA}.Release|Any CPU.ActiveCfg = Release|Any CPU
		{7EC7D029-4FD3-421E-B1F1-475E7219BDFA}.Release|Any CPU.Build.0 = Release|Any CPU
	EndGlobalSection
	GlobalSection(SolutionProperties) = preSolution
		HideSolutionNode = FALSE
	EndGlobalSection
	GlobalSection(ExtensibilityGlobals) = postSolution
		SolutionGuid = {900CB714-6880-4698-98A7-82B778B2EB20}
	EndGlobalSection
EndGlobal
